// !$*UTF8*$!
{
	archiveVersion = 1;
	classes = {
	};
	objectVersion = 46;
	objects = {

/* Begin PBXBuildFile section */
		B603147B1ABA14B0001D4788 /* AppDelegate.swift in Sources */ = {isa = PBXBuildFile; fileRef = B603147A1ABA14B0001D4788 /* AppDelegate.swift */; };
		B603147D1ABA14B0001D4788 /* DestinationViewController.swift in Sources */ = {isa = PBXBuildFile; fileRef = B603147C1ABA14B0001D4788 /* DestinationViewController.swift */; };
		B60314821ABA14B0001D4788 /* Main.storyboard in Resources */ = {isa = PBXBuildFile; fileRef = B60314801ABA14B0001D4788 /* Main.storyboard */; };
		B60314841ABA14B0001D4788 /* Images.xcassets in Resources */ = {isa = PBXBuildFile; fileRef = B60314831ABA14B0001D4788 /* Images.xcassets */; };
		B60314871ABA14B0001D4788 /* LaunchScreen.xib in Resources */ = {isa = PBXBuildFile; fileRef = B60314851ABA14B0001D4788 /* LaunchScreen.xib */; };
		B60314931ABA14B1001D4788 /* Vineyard_Bus_and_FerryTests.swift in Sources */ = {isa = PBXBuildFile; fileRef = B60314921ABA14B1001D4788 /* Vineyard_Bus_and_FerryTests.swift */; };
		B603149D1ABA1581001D4788 /* Polyline.swift in Sources */ = {isa = PBXBuildFile; fileRef = B603149C1ABA1581001D4788 /* Polyline.swift */; };
		B603149F1ABA1603001D4788 /* Schedule.swift in Sources */ = {isa = PBXBuildFile; fileRef = B603149E1ABA1603001D4788 /* Schedule.swift */; };
		B60314A11ABA55BD001D4788 /* ScheduleManager.swift in Sources */ = {isa = PBXBuildFile; fileRef = B60314A01ABA55BD001D4788 /* ScheduleManager.swift */; };
		B60314A31ABA59C4001D4788 /* Utils.swift in Sources */ = {isa = PBXBuildFile; fileRef = B60314A21ABA59C4001D4788 /* Utils.swift */; };
		B60314A51ABAFCC0001D4788 /* CoreData.framework in Frameworks */ = {isa = PBXBuildFile; fileRef = B60314A41ABAFCC0001D4788 /* CoreData.framework */; };
		B60314D91ABB1AEC001D4788 /* Model.xcdatamodeld in Sources */ = {isa = PBXBuildFile; fileRef = B60314D71ABB1AEC001D4788 /* Model.xcdatamodeld */; };
		B607FD981AC2E27E004761BE /* VectorTable.swift in Sources */ = {isa = PBXBuildFile; fileRef = B607FD971AC2E27E004761BE /* VectorTable.swift */; };
		B607FD9A1AC315E5004761BE /* TripCollection.swift in Sources */ = {isa = PBXBuildFile; fileRef = B607FD991AC315E5004761BE /* TripCollection.swift */; };
		B607FD9E1AC31F70004761BE /* StopTimeTable.swift in Sources */ = {isa = PBXBuildFile; fileRef = B607FD9D1AC31F70004761BE /* StopTimeTable.swift */; };
		B61E44761AE7DA1200A58835 /* MapKit.framework in Frameworks */ = {isa = PBXBuildFile; fileRef = B61E44751AE7DA1200A58835 /* MapKit.framework */; };
		B6388B501ABD97B300D16058 /* RouteListViewController.swift in Sources */ = {isa = PBXBuildFile; fileRef = B6388B4F1ABD97B300D16058 /* RouteListViewController.swift */; };
		B6388B521ABD993600D16058 /* RouteListCell.swift in Sources */ = {isa = PBXBuildFile; fileRef = B6388B511ABD993600D16058 /* RouteListCell.swift */; };
		B6388BB61AC0AA3E00D16058 /* VectorViewController.swift in Sources */ = {isa = PBXBuildFile; fileRef = B6388BB51AC0AA3E00D16058 /* VectorViewController.swift */; };
		B64B72FF1AD942AA00143276 /* urlinfo.json in Resources */ = {isa = PBXBuildFile; fileRef = B64B72FE1AD942AA00143276 /* urlinfo.json */; };
		B687F65F1ACDE9E70042962E /* IAdBannerViewController.swift in Sources */ = {isa = PBXBuildFile; fileRef = B687F65E1ACDE9E70042962E /* IAdBannerViewController.swift */; };
		B687F6611ACDEADA0042962E /* iAd.framework in Frameworks */ = {isa = PBXBuildFile; fileRef = B687F6601ACDEADA0042962E /* iAd.framework */; };
		B6CCEE8C1ABBA8E90051E567 /* SettingsManager.swift in Sources */ = {isa = PBXBuildFile; fileRef = B6CCEE8B1ABBA8E90051E567 /* SettingsManager.swift */; };
		B6DD78F81ADBE0F70080207C /* SwipeHint.swift in Sources */ = {isa = PBXBuildFile; fileRef = B6DD78F71ADBE0F70080207C /* SwipeHint.swift */; };
		B6DD78FA1ADC0FC90080207C /* Launch.storyboard in Resources */ = {isa = PBXBuildFile; fileRef = B6DD78F91ADC0FC90080207C /* Launch.storyboard */; };
		B6DD78FC1AE12D880080207C /* Settings.swift in Sources */ = {isa = PBXBuildFile; fileRef = B6DD78FB1AE12D880080207C /* Settings.swift */; };
		B6E067121AC575F0002705AB /* DaySelectionControl.swift in Sources */ = {isa = PBXBuildFile; fileRef = B6E067111AC575F0002705AB /* DaySelectionControl.swift */; };
		B6E067141AC7419D002705AB /* ConnectionTable.swift in Sources */ = {isa = PBXBuildFile; fileRef = B6E067131AC7419D002705AB /* ConnectionTable.swift */; };
		B6E067201AC9F8CB002705AB /* MapViewController.swift in Sources */ = {isa = PBXBuildFile; fileRef = B6E0671F1AC9F8CB002705AB /* MapViewController.swift */; };
/* End PBXBuildFile section */

/* Begin PBXContainerItemProxy section */
		B603148D1ABA14B1001D4788 /* PBXContainerItemProxy */ = {
			isa = PBXContainerItemProxy;
			containerPortal = B603146D1ABA14B0001D4788 /* Project object */;
			proxyType = 1;
			remoteGlobalIDString = B60314741ABA14B0001D4788;
			remoteInfo = "Vineyard Bus and Ferry";
		};
/* End PBXContainerItemProxy section */

/* Begin PBXFileReference section */
		B60314751ABA14B0001D4788 /* Vineyard Bus and Ferry.app */ = {isa = PBXFileReference; explicitFileType = wrapper.application; includeInIndex = 0; path = "Vineyard Bus and Ferry.app"; sourceTree = BUILT_PRODUCTS_DIR; };
		B60314791ABA14B0001D4788 /* Info.plist */ = {isa = PBXFileReference; lastKnownFileType = text.plist.xml; path = Info.plist; sourceTree = "<group>"; };
		B603147A1ABA14B0001D4788 /* AppDelegate.swift */ = {isa = PBXFileReference; lastKnownFileType = sourcecode.swift; path = AppDelegate.swift; sourceTree = "<group>"; };
		B603147C1ABA14B0001D4788 /* DestinationViewController.swift */ = {isa = PBXFileReference; lastKnownFileType = sourcecode.swift; path = DestinationViewController.swift; sourceTree = "<group>"; };
		B60314811ABA14B0001D4788 /* Base */ = {isa = PBXFileReference; lastKnownFileType = file.storyboard; name = Base; path = Base.lproj/Main.storyboard; sourceTree = "<group>"; };
		B60314831ABA14B0001D4788 /* Images.xcassets */ = {isa = PBXFileReference; lastKnownFileType = folder.assetcatalog; path = Images.xcassets; sourceTree = "<group>"; };
		B60314861ABA14B0001D4788 /* Base */ = {isa = PBXFileReference; lastKnownFileType = file.xib; name = Base; path = Base.lproj/LaunchScreen.xib; sourceTree = "<group>"; };
		B603148C1ABA14B1001D4788 /* Vineyard Bus and FerryTests.xctest */ = {isa = PBXFileReference; explicitFileType = wrapper.cfbundle; includeInIndex = 0; path = "Vineyard Bus and FerryTests.xctest"; sourceTree = BUILT_PRODUCTS_DIR; };
		B60314911ABA14B1001D4788 /* Info.plist */ = {isa = PBXFileReference; lastKnownFileType = text.plist.xml; path = Info.plist; sourceTree = "<group>"; };
		B60314921ABA14B1001D4788 /* Vineyard_Bus_and_FerryTests.swift */ = {isa = PBXFileReference; lastKnownFileType = sourcecode.swift; path = Vineyard_Bus_and_FerryTests.swift; sourceTree = "<group>"; };
		B603149C1ABA1581001D4788 /* Polyline.swift */ = {isa = PBXFileReference; fileEncoding = 4; lastKnownFileType = sourcecode.swift; name = Polyline.swift; path = "Vineyard Bus and Ferry/Polyline.swift"; sourceTree = "<group>"; };
		B603149E1ABA1603001D4788 /* Schedule.swift */ = {isa = PBXFileReference; fileEncoding = 4; lastKnownFileType = sourcecode.swift; path = Schedule.swift; sourceTree = "<group>"; };
		B60314A01ABA55BD001D4788 /* ScheduleManager.swift */ = {isa = PBXFileReference; fileEncoding = 4; lastKnownFileType = sourcecode.swift; path = ScheduleManager.swift; sourceTree = "<group>"; };
		B60314A21ABA59C4001D4788 /* Utils.swift */ = {isa = PBXFileReference; fileEncoding = 4; lastKnownFileType = sourcecode.swift; path = Utils.swift; sourceTree = "<group>"; };
		B60314A41ABAFCC0001D4788 /* CoreData.framework */ = {isa = PBXFileReference; lastKnownFileType = wrapper.framework; name = CoreData.framework; path = System/Library/Frameworks/CoreData.framework; sourceTree = SDKROOT; };
		B60314D81ABB1AEC001D4788 /* Model.xcdatamodel */ = {isa = PBXFileReference; lastKnownFileType = wrapper.xcdatamodel; path = Model.xcdatamodel; sourceTree = "<group>"; };
		B607FD971AC2E27E004761BE /* VectorTable.swift */ = {isa = PBXFileReference; fileEncoding = 4; lastKnownFileType = sourcecode.swift; path = VectorTable.swift; sourceTree = "<group>"; };
		B607FD991AC315E5004761BE /* TripCollection.swift */ = {isa = PBXFileReference; fileEncoding = 4; lastKnownFileType = sourcecode.swift; path = TripCollection.swift; sourceTree = "<group>"; };
		B607FD9D1AC31F70004761BE /* StopTimeTable.swift */ = {isa = PBXFileReference; fileEncoding = 4; lastKnownFileType = sourcecode.swift; path = StopTimeTable.swift; sourceTree = "<group>"; };
		B61E44751AE7DA1200A58835 /* MapKit.framework */ = {isa = PBXFileReference; lastKnownFileType = wrapper.framework; name = MapKit.framework; path = System/Library/Frameworks/MapKit.framework; sourceTree = SDKROOT; };
		B6388B4F1ABD97B300D16058 /* RouteListViewController.swift */ = {isa = PBXFileReference; fileEncoding = 4; lastKnownFileType = sourcecode.swift; path = RouteListViewController.swift; sourceTree = "<group>"; };
		B6388B511ABD993600D16058 /* RouteListCell.swift */ = {isa = PBXFileReference; fileEncoding = 4; lastKnownFileType = sourcecode.swift; path = RouteListCell.swift; sourceTree = "<group>"; };
		B6388BB51AC0AA3E00D16058 /* VectorViewController.swift */ = {isa = PBXFileReference; fileEncoding = 4; lastKnownFileType = sourcecode.swift; path = VectorViewController.swift; sourceTree = "<group>"; };
		B64B72FE1AD942AA00143276 /* urlinfo.json */ = {isa = PBXFileReference; fileEncoding = 4; lastKnownFileType = text.json; path = urlinfo.json; sourceTree = "<group>"; };
		B687F65E1ACDE9E70042962E /* IAdBannerViewController.swift */ = {isa = PBXFileReference; fileEncoding = 4; lastKnownFileType = sourcecode.swift; path = IAdBannerViewController.swift; sourceTree = "<group>"; };
		B687F6601ACDEADA0042962E /* iAd.framework */ = {isa = PBXFileReference; lastKnownFileType = wrapper.framework; name = iAd.framework; path = System/Library/Frameworks/iAd.framework; sourceTree = SDKROOT; };
		B6CCEE8B1ABBA8E90051E567 /* SettingsManager.swift */ = {isa = PBXFileReference; fileEncoding = 4; lastKnownFileType = sourcecode.swift; path = SettingsManager.swift; sourceTree = "<group>"; };
		B6DD78F71ADBE0F70080207C /* SwipeHint.swift */ = {isa = PBXFileReference; fileEncoding = 4; lastKnownFileType = sourcecode.swift; path = SwipeHint.swift; sourceTree = "<group>"; };
		B6DD78F91ADC0FC90080207C /* Launch.storyboard */ = {isa = PBXFileReference; fileEncoding = 4; lastKnownFileType = file.storyboard; path = Launch.storyboard; sourceTree = "<group>"; };
		B6DD78FB1AE12D880080207C /* Settings.swift */ = {isa = PBXFileReference; fileEncoding = 4; lastKnownFileType = sourcecode.swift; name = Settings.swift; path = ../Settings.swift; sourceTree = "<group>"; };
		B6E067111AC575F0002705AB /* DaySelectionControl.swift */ = {isa = PBXFileReference; fileEncoding = 4; lastKnownFileType = sourcecode.swift; path = DaySelectionControl.swift; sourceTree = "<group>"; };
		B6E067131AC7419D002705AB /* ConnectionTable.swift */ = {isa = PBXFileReference; fileEncoding = 4; lastKnownFileType = sourcecode.swift; name = ConnectionTable.swift; path = ../ConnectionTable.swift; sourceTree = "<group>"; };
		B6E0671F1AC9F8CB002705AB /* MapViewController.swift */ = {isa = PBXFileReference; fileEncoding = 4; lastKnownFileType = sourcecode.swift; path = MapViewController.swift; sourceTree = "<group>"; };
/* End PBXFileReference section */

/* Begin PBXFrameworksBuildPhase section */
		B60314721ABA14B0001D4788 /* Frameworks */ = {
			isa = PBXFrameworksBuildPhase;
			buildActionMask = 2147483647;
			files = (
				B687F6611ACDEADA0042962E /* iAd.framework in Frameworks */,
				B61E44761AE7DA1200A58835 /* MapKit.framework in Frameworks */,
				B60314A51ABAFCC0001D4788 /* CoreData.framework in Frameworks */,
			);
			runOnlyForDeploymentPostprocessing = 0;
		};
		B60314891ABA14B1001D4788 /* Frameworks */ = {
			isa = PBXFrameworksBuildPhase;
			buildActionMask = 2147483647;
			files = (
			);
			runOnlyForDeploymentPostprocessing = 0;
		};
/* End PBXFrameworksBuildPhase section */

/* Begin PBXGroup section */
		B603146C1ABA14B0001D4788 = {
			isa = PBXGroup;
			children = (
				B61E44751AE7DA1200A58835 /* MapKit.framework */,
				B687F6601ACDEADA0042962E /* iAd.framework */,
				B687F65E1ACDE9E70042962E /* IAdBannerViewController.swift */,
				B6CCEE8B1ABBA8E90051E567 /* SettingsManager.swift */,
				B60314A41ABAFCC0001D4788 /* CoreData.framework */,
				B60314A21ABA59C4001D4788 /* Utils.swift */,
				B60314A01ABA55BD001D4788 /* ScheduleManager.swift */,
				B603149E1ABA1603001D4788 /* Schedule.swift */,
				B603149C1ABA1581001D4788 /* Polyline.swift */,
				B60314771ABA14B0001D4788 /* Vineyard Bus and Ferry */,
				B603148F1ABA14B1001D4788 /* Vineyard Bus and FerryTests */,
				B60314761ABA14B0001D4788 /* Products */,
			);
			sourceTree = "<group>";
		};
		B60314761ABA14B0001D4788 /* Products */ = {
			isa = PBXGroup;
			children = (
				B60314751ABA14B0001D4788 /* Vineyard Bus and Ferry.app */,
				B603148C1ABA14B1001D4788 /* Vineyard Bus and FerryTests.xctest */,
			);
			name = Products;
			sourceTree = "<group>";
		};
		B60314771ABA14B0001D4788 /* Vineyard Bus and Ferry */ = {
			isa = PBXGroup;
			children = (
				B60314801ABA14B0001D4788 /* Main.storyboard */,
				B6DD78F91ADC0FC90080207C /* Launch.storyboard */,
				B603147A1ABA14B0001D4788 /* AppDelegate.swift */,
				B603147C1ABA14B0001D4788 /* DestinationViewController.swift */,
				B6388B4F1ABD97B300D16058 /* RouteListViewController.swift */,
				B6388B511ABD993600D16058 /* RouteListCell.swift */,
				B6388BB51AC0AA3E00D16058 /* VectorViewController.swift */,
				B6E067111AC575F0002705AB /* DaySelectionControl.swift */,
				B607FD971AC2E27E004761BE /* VectorTable.swift */,
				B607FD991AC315E5004761BE /* TripCollection.swift */,
				B6E067131AC7419D002705AB /* ConnectionTable.swift */,
				B607FD9D1AC31F70004761BE /* StopTimeTable.swift */,
				B6DD78F71ADBE0F70080207C /* SwipeHint.swift */,
				B6E0671F1AC9F8CB002705AB /* MapViewController.swift */,
				B60314831ABA14B0001D4788 /* Images.xcassets */,
				B60314D71ABB1AEC001D4788 /* Model.xcdatamodeld */,
				B6DD78FB1AE12D880080207C /* Settings.swift */,
				B60314851ABA14B0001D4788 /* LaunchScreen.xib */,
				B60314781ABA14B0001D4788 /* Supporting Files */,
			);
			path = "Vineyard Bus and Ferry";
			sourceTree = "<group>";
		};
		B60314781ABA14B0001D4788 /* Supporting Files */ = {
			isa = PBXGroup;
			children = (
				B60314791ABA14B0001D4788 /* Info.plist */,
				B64B72FE1AD942AA00143276 /* urlinfo.json */,
			);
			name = "Supporting Files";
			sourceTree = "<group>";
		};
		B603148F1ABA14B1001D4788 /* Vineyard Bus and FerryTests */ = {
			isa = PBXGroup;
			children = (
				B60314921ABA14B1001D4788 /* Vineyard_Bus_and_FerryTests.swift */,
				B60314901ABA14B1001D4788 /* Supporting Files */,
			);
			path = "Vineyard Bus and FerryTests";
			sourceTree = "<group>";
		};
		B60314901ABA14B1001D4788 /* Supporting Files */ = {
			isa = PBXGroup;
			children = (
				B60314911ABA14B1001D4788 /* Info.plist */,
			);
			name = "Supporting Files";
			sourceTree = "<group>";
		};
/* End PBXGroup section */

/* Begin PBXNativeTarget section */
		B60314741ABA14B0001D4788 /* Vineyard Bus and Ferry */ = {
			isa = PBXNativeTarget;
			buildConfigurationList = B60314961ABA14B1001D4788 /* Build configuration list for PBXNativeTarget "Vineyard Bus and Ferry" */;
			buildPhases = (
				B60314711ABA14B0001D4788 /* Sources */,
				B60314721ABA14B0001D4788 /* Frameworks */,
				B60314731ABA14B0001D4788 /* Resources */,
			);
			buildRules = (
			);
			dependencies = (
			);
			name = "Vineyard Bus and Ferry";
			productName = "Vineyard Bus and Ferry";
			productReference = B60314751ABA14B0001D4788 /* Vineyard Bus and Ferry.app */;
			productType = "com.apple.product-type.application";
		};
		B603148B1ABA14B1001D4788 /* Vineyard Bus and FerryTests */ = {
			isa = PBXNativeTarget;
			buildConfigurationList = B60314991ABA14B1001D4788 /* Build configuration list for PBXNativeTarget "Vineyard Bus and FerryTests" */;
			buildPhases = (
				B60314881ABA14B1001D4788 /* Sources */,
				B60314891ABA14B1001D4788 /* Frameworks */,
				B603148A1ABA14B1001D4788 /* Resources */,
			);
			buildRules = (
			);
			dependencies = (
				B603148E1ABA14B1001D4788 /* PBXTargetDependency */,
			);
			name = "Vineyard Bus and FerryTests";
			productName = "Vineyard Bus and FerryTests";
			productReference = B603148C1ABA14B1001D4788 /* Vineyard Bus and FerryTests.xctest */;
			productType = "com.apple.product-type.bundle.unit-test";
		};
/* End PBXNativeTarget section */

/* Begin PBXProject section */
		B603146D1ABA14B0001D4788 /* Project object */ = {
			isa = PBXProject;
			attributes = {
				LastSwiftMigration = 0700;
				LastSwiftUpdateCheck = 0700;
				LastUpgradeCheck = 0700;
				ORGANIZATIONNAME = "Frederick Hewett";
				TargetAttributes = {
					B60314741ABA14B0001D4788 = {
						CreatedOnToolsVersion = 6.2;
						DevelopmentTeam = TV3VB3J23U;
						SystemCapabilities = {
							com.apple.Maps.iOS = {
								enabled = 1;
							};
						};
					};
					B603148B1ABA14B1001D4788 = {
						CreatedOnToolsVersion = 6.2;
						TestTargetID = B60314741ABA14B0001D4788;
					};
				};
			};
			buildConfigurationList = B60314701ABA14B0001D4788 /* Build configuration list for PBXProject "Vineyard Bus and Ferry" */;
			compatibilityVersion = "Xcode 3.2";
			developmentRegion = English;
			hasScannedForEncodings = 0;
			knownRegions = (
				en,
				Base,
			);
			mainGroup = B603146C1ABA14B0001D4788;
			productRefGroup = B60314761ABA14B0001D4788 /* Products */;
			projectDirPath = "";
			projectRoot = "";
			targets = (
				B60314741ABA14B0001D4788 /* Vineyard Bus and Ferry */,
				B603148B1ABA14B1001D4788 /* Vineyard Bus and FerryTests */,
			);
		};
/* End PBXProject section */

/* Begin PBXResourcesBuildPhase section */
		B60314731ABA14B0001D4788 /* Resources */ = {
			isa = PBXResourcesBuildPhase;
			buildActionMask = 2147483647;
			files = (
				B60314821ABA14B0001D4788 /* Main.storyboard in Resources */,
				B6DD78FA1ADC0FC90080207C /* Launch.storyboard in Resources */,
				B64B72FF1AD942AA00143276 /* urlinfo.json in Resources */,
				B60314871ABA14B0001D4788 /* LaunchScreen.xib in Resources */,
				B60314841ABA14B0001D4788 /* Images.xcassets in Resources */,
			);
			runOnlyForDeploymentPostprocessing = 0;
		};
		B603148A1ABA14B1001D4788 /* Resources */ = {
			isa = PBXResourcesBuildPhase;
			buildActionMask = 2147483647;
			files = (
			);
			runOnlyForDeploymentPostprocessing = 0;
		};
/* End PBXResourcesBuildPhase section */

/* Begin PBXSourcesBuildPhase section */
		B60314711ABA14B0001D4788 /* Sources */ = {
			isa = PBXSourcesBuildPhase;
			buildActionMask = 2147483647;
			files = (
				B603149D1ABA1581001D4788 /* Polyline.swift in Sources */,
				B60314A11ABA55BD001D4788 /* ScheduleManager.swift in Sources */,
				B607FD9E1AC31F70004761BE /* StopTimeTable.swift in Sources */,
				B687F65F1ACDE9E70042962E /* IAdBannerViewController.swift in Sources */,
				B6388B521ABD993600D16058 /* RouteListCell.swift in Sources */,
				B60314D91ABB1AEC001D4788 /* Model.xcdatamodeld in Sources */,
				B607FD9A1AC315E5004761BE /* TripCollection.swift in Sources */,
				B6E067201AC9F8CB002705AB /* MapViewController.swift in Sources */,
				B60314A31ABA59C4001D4788 /* Utils.swift in Sources */,
				B603147B1ABA14B0001D4788 /* AppDelegate.swift in Sources */,
				B6E067121AC575F0002705AB /* DaySelectionControl.swift in Sources */,
				B607FD981AC2E27E004761BE /* VectorTable.swift in Sources */,
				B603149F1ABA1603001D4788 /* Schedule.swift in Sources */,
				B6CCEE8C1ABBA8E90051E567 /* SettingsManager.swift in Sources */,
				B6DD78FC1AE12D880080207C /* Settings.swift in Sources */,
				B6388B501ABD97B300D16058 /* RouteListViewController.swift in Sources */,
				B603147D1ABA14B0001D4788 /* DestinationViewController.swift in Sources */,
				B6DD78F81ADBE0F70080207C /* SwipeHint.swift in Sources */,
				B6E067141AC7419D002705AB /* ConnectionTable.swift in Sources */,
				B6388BB61AC0AA3E00D16058 /* VectorViewController.swift in Sources */,
			);
			runOnlyForDeploymentPostprocessing = 0;
		};
		B60314881ABA14B1001D4788 /* Sources */ = {
			isa = PBXSourcesBuildPhase;
			buildActionMask = 2147483647;
			files = (
				B60314931ABA14B1001D4788 /* Vineyard_Bus_and_FerryTests.swift in Sources */,
			);
			runOnlyForDeploymentPostprocessing = 0;
		};
/* End PBXSourcesBuildPhase section */

/* Begin PBXTargetDependency section */
		B603148E1ABA14B1001D4788 /* PBXTargetDependency */ = {
			isa = PBXTargetDependency;
			target = B60314741ABA14B0001D4788 /* Vineyard Bus and Ferry */;
			targetProxy = B603148D1ABA14B1001D4788 /* PBXContainerItemProxy */;
		};
/* End PBXTargetDependency section */

/* Begin PBXVariantGroup section */
		B60314801ABA14B0001D4788 /* Main.storyboard */ = {
			isa = PBXVariantGroup;
			children = (
				B60314811ABA14B0001D4788 /* Base */,
			);
			name = Main.storyboard;
			sourceTree = "<group>";
		};
		B60314851ABA14B0001D4788 /* LaunchScreen.xib */ = {
			isa = PBXVariantGroup;
			children = (
				B60314861ABA14B0001D4788 /* Base */,
			);
			name = LaunchScreen.xib;
			sourceTree = "<group>";
		};
/* End PBXVariantGroup section */

/* Begin XCBuildConfiguration section */
		B60314941ABA14B1001D4788 /* Debug */ = {
			isa = XCBuildConfiguration;
			buildSettings = {
				ALWAYS_SEARCH_USER_PATHS = NO;
				CLANG_CXX_LANGUAGE_STANDARD = "gnu++0x";
				CLANG_CXX_LIBRARY = "libc++";
				CLANG_ENABLE_MODULES = YES;
				CLANG_ENABLE_OBJC_ARC = YES;
				CLANG_WARN_BOOL_CONVERSION = YES;
				CLANG_WARN_CONSTANT_CONVERSION = YES;
				CLANG_WARN_DIRECT_OBJC_ISA_USAGE = YES_ERROR;
				CLANG_WARN_EMPTY_BODY = YES;
				CLANG_WARN_ENUM_CONVERSION = YES;
				CLANG_WARN_INT_CONVERSION = YES;
				CLANG_WARN_OBJC_ROOT_CLASS = YES_ERROR;
				CLANG_WARN_UNREACHABLE_CODE = YES;
				CLANG_WARN__DUPLICATE_METHOD_MATCH = YES;
				"CODE_SIGN_IDENTITY[sdk=iphoneos*]" = "iPhone Developer";
				COPY_PHASE_STRIP = NO;
				ENABLE_STRICT_OBJC_MSGSEND = YES;
				ENABLE_TESTABILITY = YES;
				GCC_C_LANGUAGE_STANDARD = gnu99;
				GCC_DYNAMIC_NO_PIC = NO;
				GCC_OPTIMIZATION_LEVEL = 0;
				GCC_PREPROCESSOR_DEFINITIONS = (
					"DEBUG=1",
					"$(inherited)",
				);
				GCC_SYMBOLS_PRIVATE_EXTERN = NO;
				GCC_WARN_64_TO_32_BIT_CONVERSION = YES;
				GCC_WARN_ABOUT_RETURN_TYPE = YES_ERROR;
				GCC_WARN_UNDECLARED_SELECTOR = YES;
				GCC_WARN_UNINITIALIZED_AUTOS = YES_AGGRESSIVE;
				GCC_WARN_UNUSED_FUNCTION = YES;
				GCC_WARN_UNUSED_VARIABLE = YES;
				IPHONEOS_DEPLOYMENT_TARGET = 8.1;
				MTL_ENABLE_DEBUG_INFO = YES;
				ONLY_ACTIVE_ARCH = YES;
				SDKROOT = iphoneos;
				SWIFT_OPTIMIZATION_LEVEL = "-Onone";
				TARGETED_DEVICE_FAMILY = "1,2";
			};
			name = Debug;
		};
		B60314951ABA14B1001D4788 /* Release */ = {
			isa = XCBuildConfiguration;
			buildSettings = {
				ALWAYS_SEARCH_USER_PATHS = NO;
				CLANG_CXX_LANGUAGE_STANDARD = "gnu++0x";
				CLANG_CXX_LIBRARY = "libc++";
				CLANG_ENABLE_MODULES = YES;
				CLANG_ENABLE_OBJC_ARC = YES;
				CLANG_WARN_BOOL_CONVERSION = YES;
				CLANG_WARN_CONSTANT_CONVERSION = YES;
				CLANG_WARN_DIRECT_OBJC_ISA_USAGE = YES_ERROR;
				CLANG_WARN_EMPTY_BODY = YES;
				CLANG_WARN_ENUM_CONVERSION = YES;
				CLANG_WARN_INT_CONVERSION = YES;
				CLANG_WARN_OBJC_ROOT_CLASS = YES_ERROR;
				CLANG_WARN_UNREACHABLE_CODE = YES;
				CLANG_WARN__DUPLICATE_METHOD_MATCH = YES;
				"CODE_SIGN_IDENTITY[sdk=iphoneos*]" = "iPhone Developer";
				COPY_PHASE_STRIP = NO;
				ENABLE_NS_ASSERTIONS = NO;
				ENABLE_STRICT_OBJC_MSGSEND = YES;
				GCC_C_LANGUAGE_STANDARD = gnu99;
				GCC_WARN_64_TO_32_BIT_CONVERSION = YES;
				GCC_WARN_ABOUT_RETURN_TYPE = YES_ERROR;
				GCC_WARN_UNDECLARED_SELECTOR = YES;
				GCC_WARN_UNINITIALIZED_AUTOS = YES_AGGRESSIVE;
				GCC_WARN_UNUSED_FUNCTION = YES;
				GCC_WARN_UNUSED_VARIABLE = YES;
				IPHONEOS_DEPLOYMENT_TARGET = 8.1;
				MTL_ENABLE_DEBUG_INFO = NO;
				SDKROOT = iphoneos;
				TARGETED_DEVICE_FAMILY = "1,2";
				VALIDATE_PRODUCT = YES;
			};
			name = Release;
		};
		B60314971ABA14B1001D4788 /* Debug */ = {
			isa = XCBuildConfiguration;
			buildSettings = {
				ASSETCATALOG_COMPILER_APPICON_NAME = AppIcon;
				CODE_SIGN_IDENTITY = "iPhone Developer";
				INFOPLIST_FILE = "Vineyard Bus and Ferry/Info.plist";
				LD_RUNPATH_SEARCH_PATHS = "$(inherited) @executable_path/Frameworks";
				PRODUCT_BUNDLE_IDENTIFIER = "com.frederickhewett.$(PRODUCT_NAME:rfc1034identifier)";
				PRODUCT_NAME = "$(TARGET_NAME)";
				TARGETED_DEVICE_FAMILY = 1;
			};
			name = Debug;
		};
		B60314981ABA14B1001D4788 /* Release */ = {
			isa = XCBuildConfiguration;
			buildSettings = {
				ASSETCATALOG_COMPILER_APPICON_NAME = AppIcon;
				CODE_SIGN_IDENTITY = "iPhone Developer";
				INFOPLIST_FILE = "Vineyard Bus and Ferry/Info.plist";
				LD_RUNPATH_SEARCH_PATHS = "$(inherited) @executable_path/Frameworks";
				PRODUCT_BUNDLE_IDENTIFIER = "com.frederickhewett.$(PRODUCT_NAME:rfc1034identifier)";
				PRODUCT_NAME = "$(TARGET_NAME)";
				TARGETED_DEVICE_FAMILY = 1;
			};
			name = Release;
		};
		B603149A1ABA14B1001D4788 /* Debug */ = {
			isa = XCBuildConfiguration;
			buildSettings = {
				BUNDLE_LOADER = "$(TEST_HOST)";
				FRAMEWORK_SEARCH_PATHS = (
					"$(SDKROOT)/Developer/Library/Frameworks",
					"$(inherited)",
				);
				GCC_PREPROCESSOR_DEFINITIONS = (
					"DEBUG=1",
					"$(inherited)",
				);
				INFOPLIST_FILE = "Vineyard Bus and FerryTests/Info.plist";
				LD_RUNPATH_SEARCH_PATHS = "$(inherited) @executable_path/Frameworks @loader_path/Frameworks";
				PRODUCT_BUNDLE_IDENTIFIER = "com.frederickhewett.$(PRODUCT_NAME:rfc1034identifier)";
				PRODUCT_NAME = "$(TARGET_NAME)";
				TEST_HOST = "$(BUILT_PRODUCTS_DIR)/Vineyard Bus and Ferry.app/Vineyard Bus and Ferry";
			};
			name = Debug;
		};
		B603149B1ABA14B1001D4788 /* Release */ = {
			isa = XCBuildConfiguration;
			buildSettings = {
				BUNDLE_LOADER = "$(TEST_HOST)";
				FRAMEWORK_SEARCH_PATHS = (
					"$(SDKROOT)/Developer/Library/Frameworks",
					"$(inherited)",
				);
				INFOPLIST_FILE = "Vineyard Bus and FerryTests/Info.plist";
				LD_RUNPATH_SEARCH_PATHS = "$(inherited) @executable_path/Frameworks @loader_path/Frameworks";
				PRODUCT_BUNDLE_IDENTIFIER = "com.frederickhewett.$(PRODUCT_NAME:rfc1034identifier)";
				PRODUCT_NAME = "$(TARGET_NAME)";
				TEST_HOST = "$(BUILT_PRODUCTS_DIR)/Vineyard Bus and Ferry.app/Vineyard Bus and Ferry";
			};
			name = Release;
		};
/* End XCBuildConfiguration section */

/* Begin XCConfigurationList section */
		B60314701ABA14B0001D4788 /* Build configuration list for PBXProject "Vineyard Bus and Ferry" */ = {
			isa = XCConfigurationList;
			buildConfigurations = (
				B60314941ABA14B1001D4788 /* Debug */,
				B60314951ABA14B1001D4788 /* Release */,
			);
			defaultConfigurationIsVisible = 0;
			defaultConfigurationName = Release;
		};
		B60314961ABA14B1001D4788 /* Build configuration list for PBXNativeTarget "Vineyard Bus and Ferry" */ = {
			isa = XCConfigurationList;
			buildConfigurations = (
				B60314971ABA14B1001D4788 /* Debug */,
				B60314981ABA14B1001D4788 /* Release */,
			);
			defaultConfigurationIsVisible = 0;
			defaultConfigurationName = Release;
		};
		B60314991ABA14B1001D4788 /* Build configuration list for PBXNativeTarget "Vineyard Bus and FerryTests" */ = {
			isa = XCConfigurationList;
			buildConfigurations = (
				B603149A1ABA14B1001D4788 /* Debug */,
				B603149B1ABA14B1001D4788 /* Release */,
			);
			defaultConfigurationIsVisible = 0;
			defaultConfigurationName = Release;
		};
/* End XCConfigurationList section */

/* Begin XCVersionGroup section */
		B60314D71ABB1AEC001D4788 /* Model.xcdatamodeld */ = {
			isa = XCVersionGroup;
			children = (
				B60314D81ABB1AEC001D4788 /* Model.xcdatamodel */,
			);
			currentVersion = B60314D81ABB1AEC001D4788 /* Model.xcdatamodel */;
			path = Model.xcdatamodeld;
			sourceTree = "<group>";
			versionGroupType = wrapper.xcdatamodel;
		};
/* End XCVersionGroup section */
	};
	rootObject = B603146D1ABA14B0001D4788 /* Project object */;
}
